
Microsoft Visual Studio Solution File, Format Version 12.00
# Visual Studio Version 16
VisualStudioVersion = 16.0.29905.134
MinimumVisualStudioVersion = 10.0.40219.1
Project("{FAE04EC0-301F-11D3-BF4B-00C04F79EFBC}") = "HSPB1", "HSPB1\HSPB1.csproj", "{7D26AD3B-2392-4387-9C6F-7A495945E7DB}"
EndProject
Global
	GlobalSection(SolutionConfigurationPlatforms) = preSolution
		Debug|Any CPU = Debug|Any CPU
		Release|Any CPU = Release|Any CPU
	EndGlobalSection
	GlobalSection(ProjectConfigurationPlatforms) = postSolution
		{7D26AD3B-2392-4387-9C6F-7A495945E7DB}.Debug|Any CPU.ActiveCfg = Debug|Any CPU
		{7D26AD3B-2392-4387-9C6F-7A495945E7DB}.Debug|Any CPU.Build.0 = Debug|Any CPU
		{7D26AD3B-2392-4387-9C6F-7A495945E7DB}.Release|Any CPU.ActiveCfg = Release|Any CPU
		{7D26AD3B-2392-4387-9C6F-7A495945E7DB}.Release|Any CPU.Build.0 = Release|Any CPU
	EndGlobalSection
	GlobalSection(SolutionProperties) = preSolution
		HideSolutionNode = FALSE
	EndGlobalSection
	GlobalSection(ExtensibilityGlobals) = postSolution
		SolutionGuid = {B1F12A59-55C0-491D-8794-20C00F8EADC4}
	EndGlobalSection
EndGlobal
